
Microsoft Visual Studio Solution File, Format Version 12.00
# Visual Studio 14
VisualStudioVersion = 14.0.25420.1
MinimumVisualStudioVersion = 10.0.40219.1
Project("{FAE04EC0-301F-11D3-BF4B-00C04F79EFBC}") = "Admin", "Admin\Admin.csproj", "{42B27AB5-7B80-4356-838F-AA07A04EEBAC}"
EndProject
Project("{FAE04EC0-301F-11D3-BF4B-00C04F79EFBC}") = "Admin.Lib", "Admin.Lib\Admin.Lib.csproj", "{A7A98104-7F9E-41AB-A71C-02B906D17F6E}"
EndProject
Global
	GlobalSection(SolutionConfigurationPlatforms) = preSolution
		Debug|Any CPU = Debug|Any CPU
		Release|Any CPU = Release|Any CPU
	EndGlobalSection
	GlobalSection(ProjectConfigurationPlatforms) = postSolution
		{42B27AB5-7B80-4356-838F-AA07A04EEBAC}.Debug|Any CPU.ActiveCfg = Debug|Any CPU
		{42B27AB5-7B80-4356-838F-AA07A04EEBAC}.Debug|Any CPU.Build.0 = Debug|Any CPU
		{42B27AB5-7B80-4356-838F-AA07A04EEBAC}.Release|Any CPU.ActiveCfg = Release|Any CPU
		{42B27AB5-7B80-4356-838F-AA07A04EEBAC}.Release|Any CPU.Build.0 = Release|Any CPU
		{A7A98104-7F9E-41AB-A71C-02B906D17F6E}.Debug|Any CPU.ActiveCfg = Debug|Any CPU
		{A7A98104-7F9E-41AB-A71C-02B906D17F6E}.Debug|Any CPU.Build.0 = Debug|Any CPU
		{A7A98104-7F9E-41AB-A71C-02B906D17F6E}.Release|Any CPU.ActiveCfg = Release|Any CPU
		{A7A98104-7F9E-41AB-A71C-02B906D17F6E}.Release|Any CPU.Build.0 = Release|Any CPU
	EndGlobalSection
	GlobalSection(SolutionProperties) = preSolution
		HideSolutionNode = FALSE
	EndGlobalSection
EndGlobal
